
Microsoft Visual Studio Solution File, Format Version 12.00
# Visual Studio Version 17
VisualStudioVersion = 17.3.32819.101
MinimumVisualStudioVersion = 10.0.40219.1
Project("{FAE04EC0-301F-11D3-BF4B-00C04F79EFBC}") = "MyApplication", "MyApplication\MyApplication.csproj", "{86B71AA8-17E1-4807-A7F7-00E2DAA88BBC}"
EndProject
Global
	GlobalSection(SolutionConfigurationPlatforms) = preSolution
		Debug|Any CPU = Debug|Any CPU
		Release|Any CPU = Release|Any CPU
	EndGlobalSection
	GlobalSection(ProjectConfigurationPlatforms) = postSolution
		{86B71AA8-17E1-4807-A7F7-00E2DAA88BBC}.Debug|Any CPU.ActiveCfg = Debug|Any CPU
		{86B71AA8-17E1-4807-A7F7-00E2DAA88BBC}.Debug|Any CPU.Build.0 = Debug|Any CPU
		{86B71AA8-17E1-4807-A7F7-00E2DAA88BBC}.Release|Any CPU.ActiveCfg = Release|Any CPU
		{86B71AA8-17E1-4807-A7F7-00E2DAA88BBC}.Release|Any CPU.Build.0 = Release|Any CPU
	EndGlobalSection
	GlobalSection(SolutionProperties) = preSolution
		HideSolutionNode = FALSE
	EndGlobalSection
	GlobalSection(ExtensibilityGlobals) = postSolution
		SolutionGuid = {8AB8B85D-D586-48CC-8B2A-37344FF68664}
	EndGlobalSection
EndGlobal
